// !$*UTF8*$!
{
	archiveVersion = 1;
	classes = {
	};
	objectVersion = 46;
	objects = {

/* Begin PBXBuildFile section */
		9FAA93229AA54C03B1B56245 /* libPods.a in Frameworks */ = {isa = PBXBuildFile; fileRef = B502BD9DF1914A309E934FDB /* libPods.a */; };
		A7678CE219159E8100A2D150 /* EventKit.framework in Frameworks */ = {isa = PBXBuildFile; fileRef = A7678CE119159E8100A2D150 /* EventKit.framework */; };
		A7678CE519159F1600A2D150 /* CalendarManagerModel.m in Sources */ = {isa = PBXBuildFile; fileRef = A7678CE419159F1600A2D150 /* CalendarManagerModel.m */; };
		A7678CE81915E89700A2D150 /* Events+Management.m in Sources */ = {isa = PBXBuildFile; fileRef = A7678CE71915E89700A2D150 /* Events+Management.m */; };
		A7678CF4191850D900A2D150 /* Events.m in Sources */ = {isa = PBXBuildFile; fileRef = A7678CF3191850D900A2D150 /* Events.m */; };
		A7678CF71918585700A2D150 /* Schedules+Management.m in Sources */ = {isa = PBXBuildFile; fileRef = A7678CF61918585700A2D150 /* Schedules+Management.m */; };
		A7678CFA19185D9200A2D150 /* Schedules.m in Sources */ = {isa = PBXBuildFile; fileRef = A7678CF919185D9200A2D150 /* Schedules.m */; };
		A77B66F519132F8C00362BEA /* Foundation.framework in Frameworks */ = {isa = PBXBuildFile; fileRef = A77B66F419132F8C00362BEA /* Foundation.framework */; };
		A77B66F719132F8C00362BEA /* CoreGraphics.framework in Frameworks */ = {isa = PBXBuildFile; fileRef = A77B66F619132F8C00362BEA /* CoreGraphics.framework */; };
		A77B66F919132F8C00362BEA /* UIKit.framework in Frameworks */ = {isa = PBXBuildFile; fileRef = A77B66F819132F8C00362BEA /* UIKit.framework */; };
		A77B66FF19132F8C00362BEA /* InfoPlist.strings in Resources */ = {isa = PBXBuildFile; fileRef = A77B66FD19132F8C00362BEA /* InfoPlist.strings */; };
		A77B670119132F8C00362BEA /* main.m in Sources */ = {isa = PBXBuildFile; fileRef = A77B670019132F8C00362BEA /* main.m */; };
		A77B670519132F8C00362BEA /* AppDelegate.m in Sources */ = {isa = PBXBuildFile; fileRef = A77B670419132F8C00362BEA /* AppDelegate.m */; };
		A77B670719132F8C00362BEA /* Images.xcassets in Resources */ = {isa = PBXBuildFile; fileRef = A77B670619132F8C00362BEA /* Images.xcassets */; };
		A77B670E19132F8C00362BEA /* XCTest.framework in Frameworks */ = {isa = PBXBuildFile; fileRef = A77B670D19132F8C00362BEA /* XCTest.framework */; };
		A77B670F19132F8C00362BEA /* Foundation.framework in Frameworks */ = {isa = PBXBuildFile; fileRef = A77B66F419132F8C00362BEA /* Foundation.framework */; };
		A77B671019132F8C00362BEA /* UIKit.framework in Frameworks */ = {isa = PBXBuildFile; fileRef = A77B66F819132F8C00362BEA /* UIKit.framework */; };
		A77B671819132F8C00362BEA /* InfoPlist.strings in Resources */ = {isa = PBXBuildFile; fileRef = A77B671619132F8C00362BEA /* InfoPlist.strings */; };
		A77B671A19132F8C00362BEA /* ScheduleSharerTests.m in Sources */ = {isa = PBXBuildFile; fileRef = A77B671919132F8C00362BEA /* ScheduleSharerTests.m */; };
		A77B672919141B0400362BEA /* AddScheduleViewController.m in Sources */ = {isa = PBXBuildFile; fileRef = A77B672819141B0400362BEA /* AddScheduleViewController.m */; };
		A77B672B19141B3E00362BEA /* AddScheduleView.xib in Resources */ = {isa = PBXBuildFile; fileRef = A77B672A19141B3E00362BEA /* AddScheduleView.xib */; };
		A77B672E19141D8600362BEA /* ConnectionModel.m in Sources */ = {isa = PBXBuildFile; fileRef = A77B672D19141D8600362BEA /* ConnectionModel.m */; };
		A77B673219143BAB00362BEA /* Constants.m in Sources */ = {isa = PBXBuildFile; fileRef = A77B673119143BAB00362BEA /* Constants.m */; };
		A77B6735191468D500362BEA /* ScheduleManagerModel.m in Sources */ = {isa = PBXBuildFile; fileRef = A77B6734191468D500362BEA /* ScheduleManagerModel.m */; };
		A77B673719146CDC00362BEA /* CoreData.framework in Frameworks */ = {isa = PBXBuildFile; fileRef = A77B673619146CDC00362BEA /* CoreData.framework */; };
		A77B673A19148D1800362BEA /* DataModel.xcdatamodeld in Sources */ = {isa = PBXBuildFile; fileRef = A77B673819148D1800362BEA /* DataModel.xcdatamodeld */; };
		A7F42EE019156AE4003E5908 /* BaseViewController.m in Sources */ = {isa = PBXBuildFile; fileRef = A7F42EDF19156AE4003E5908 /* BaseViewController.m */; };
/* End PBXBuildFile section */

/* Begin PBXContainerItemProxy section */
		A77B671119132F8C00362BEA /* PBXContainerItemProxy */ = {
			isa = PBXContainerItemProxy;
			containerPortal = A77B66E919132F8C00362BEA /* Project object */;
			proxyType = 1;
			remoteGlobalIDString = A77B66F019132F8C00362BEA;
			remoteInfo = ScheduleSharer;
		};
/* End PBXContainerItemProxy section */

/* Begin PBXFileReference section */
		014475127F004C389F0EF9C1 /* Pods.xcconfig */ = {isa = PBXFileReference; includeInIndex = 1; lastKnownFileType = text.xcconfig; name = Pods.xcconfig; path = Pods/Pods.xcconfig; sourceTree = "<group>"; };
		A7678CE119159E8100A2D150 /* EventKit.framework */ = {isa = PBXFileReference; lastKnownFileType = wrapper.framework; name = EventKit.framework; path = System/Library/Frameworks/EventKit.framework; sourceTree = SDKROOT; };
		A7678CE319159F1600A2D150 /* CalendarManagerModel.h */ = {isa = PBXFileReference; fileEncoding = 4; lastKnownFileType = sourcecode.c.h; name = CalendarManagerModel.h; path = Model/CalendarManagerModel.h; sourceTree = "<group>"; };
		A7678CE419159F1600A2D150 /* CalendarManagerModel.m */ = {isa = PBXFileReference; fileEncoding = 4; lastKnownFileType = sourcecode.c.objc; name = CalendarManagerModel.m; path = Model/CalendarManagerModel.m; sourceTree = "<group>"; };
		A7678CE61915E89700A2D150 /* Events+Management.h */ = {isa = PBXFileReference; fileEncoding = 4; lastKnownFileType = sourcecode.c.h; name = "Events+Management.h"; path = "Model/DataBase/Events+Management.h"; sourceTree = "<group>"; };
		A7678CE71915E89700A2D150 /* Events+Management.m */ = {isa = PBXFileReference; fileEncoding = 4; lastKnownFileType = sourcecode.c.objc; name = "Events+Management.m"; path = "Model/DataBase/Events+Management.m"; sourceTree = "<group>"; };
		A7678CF2191850D900A2D150 /* Events.h */ = {isa = PBXFileReference; fileEncoding = 4; lastKnownFileType = sourcecode.c.h; name = Events.h; path = Model/DataBase/Events.h; sourceTree = "<group>"; };
		A7678CF3191850D900A2D150 /* Events.m */ = {isa = PBXFileReference; fileEncoding = 4; lastKnownFileType = sourcecode.c.objc; name = Events.m; path = Model/DataBase/Events.m; sourceTree = "<group>"; };
		A7678CF51918585700A2D150 /* Schedules+Management.h */ = {isa = PBXFileReference; fileEncoding = 4; lastKnownFileType = sourcecode.c.h; name = "Schedules+Management.h"; path = "Model/DataBase/Schedules+Management.h"; sourceTree = "<group>"; };
		A7678CF61918585700A2D150 /* Schedules+Management.m */ = {isa = PBXFileReference; fileEncoding = 4; lastKnownFileType = sourcecode.c.objc; name = "Schedules+Management.m"; path = "Model/DataBase/Schedules+Management.m"; sourceTree = "<group>"; };
		A7678CF819185D9200A2D150 /* Schedules.h */ = {isa = PBXFileReference; fileEncoding = 4; lastKnownFileType = sourcecode.c.h; name = Schedules.h; path = Model/DataBase/Schedules.h; sourceTree = "<group>"; };
		A7678CF919185D9200A2D150 /* Schedules.m */ = {isa = PBXFileReference; fileEncoding = 4; lastKnownFileType = sourcecode.c.objc; name = Schedules.m; path = Model/DataBase/Schedules.m; sourceTree = "<group>"; };
		A77B66F119132F8C00362BEA /* ScheduleSharer.app */ = {isa = PBXFileReference; explicitFileType = wrapper.application; includeInIndex = 0; path = ScheduleSharer.app; sourceTree = BUILT_PRODUCTS_DIR; };
		A77B66F419132F8C00362BEA /* Foundation.framework */ = {isa = PBXFileReference; lastKnownFileType = wrapper.framework; name = Foundation.framework; path = System/Library/Frameworks/Foundation.framework; sourceTree = SDKROOT; };
		A77B66F619132F8C00362BEA /* CoreGraphics.framework */ = {isa = PBXFileReference; lastKnownFileType = wrapper.framework; name = CoreGraphics.framework; path = System/Library/Frameworks/CoreGraphics.framework; sourceTree = SDKROOT; };
		A77B66F819132F8C00362BEA /* UIKit.framework */ = {isa = PBXFileReference; lastKnownFileType = wrapper.framework; name = UIKit.framework; path = System/Library/Frameworks/UIKit.framework; sourceTree = SDKROOT; };
		A77B66FC19132F8C00362BEA /* ScheduleSharer-Info.plist */ = {isa = PBXFileReference; lastKnownFileType = text.plist.xml; path = "ScheduleSharer-Info.plist"; sourceTree = "<group>"; };
		A77B66FE19132F8C00362BEA /* en */ = {isa = PBXFileReference; lastKnownFileType = text.plist.strings; name = en; path = en.lproj/InfoPlist.strings; sourceTree = "<group>"; };
		A77B670019132F8C00362BEA /* main.m */ = {isa = PBXFileReference; lastKnownFileType = sourcecode.c.objc; path = main.m; sourceTree = "<group>"; };
		A77B670219132F8C00362BEA /* ScheduleSharer-Prefix.pch */ = {isa = PBXFileReference; lastKnownFileType = sourcecode.c.h; path = "ScheduleSharer-Prefix.pch"; sourceTree = "<group>"; };
		A77B670319132F8C00362BEA /* AppDelegate.h */ = {isa = PBXFileReference; lastKnownFileType = sourcecode.c.h; path = AppDelegate.h; sourceTree = "<group>"; };
		A77B670419132F8C00362BEA /* AppDelegate.m */ = {isa = PBXFileReference; lastKnownFileType = sourcecode.c.objc; path = AppDelegate.m; sourceTree = "<group>"; };
		A77B670619132F8C00362BEA /* Images.xcassets */ = {isa = PBXFileReference; lastKnownFileType = folder.assetcatalog; path = Images.xcassets; sourceTree = "<group>"; };
		A77B670C19132F8C00362BEA /* ScheduleSharerTests.xctest */ = {isa = PBXFileReference; explicitFileType = wrapper.cfbundle; includeInIndex = 0; path = ScheduleSharerTests.xctest; sourceTree = BUILT_PRODUCTS_DIR; };
		A77B670D19132F8C00362BEA /* XCTest.framework */ = {isa = PBXFileReference; lastKnownFileType = wrapper.framework; name = XCTest.framework; path = Library/Frameworks/XCTest.framework; sourceTree = DEVELOPER_DIR; };
		A77B671519132F8C00362BEA /* ScheduleSharerTests-Info.plist */ = {isa = PBXFileReference; lastKnownFileType = text.plist.xml; path = "ScheduleSharerTests-Info.plist"; sourceTree = "<group>"; };
		A77B671719132F8C00362BEA /* en */ = {isa = PBXFileReference; lastKnownFileType = text.plist.strings; name = en; path = en.lproj/InfoPlist.strings; sourceTree = "<group>"; };
		A77B671919132F8C00362BEA /* ScheduleSharerTests.m */ = {isa = PBXFileReference; lastKnownFileType = sourcecode.c.objc; path = ScheduleSharerTests.m; sourceTree = "<group>"; };
		A77B672719141B0400362BEA /* AddScheduleViewController.h */ = {isa = PBXFileReference; fileEncoding = 4; lastKnownFileType = sourcecode.c.h; name = AddScheduleViewController.h; path = Controller/AddScheduleViewController.h; sourceTree = "<group>"; };
		A77B672819141B0400362BEA /* AddScheduleViewController.m */ = {isa = PBXFileReference; fileEncoding = 4; lastKnownFileType = sourcecode.c.objc; name = AddScheduleViewController.m; path = Controller/AddScheduleViewController.m; sourceTree = "<group>"; };
		A77B672A19141B3E00362BEA /* AddScheduleView.xib */ = {isa = PBXFileReference; fileEncoding = 4; lastKnownFileType = file.xib; name = AddScheduleView.xib; path = View/AddScheduleView.xib; sourceTree = "<group>"; };
		A77B672C19141D8600362BEA /* ConnectionModel.h */ = {isa = PBXFileReference; fileEncoding = 4; lastKnownFileType = sourcecode.c.h; name = ConnectionModel.h; path = Model/ConnectionModel.h; sourceTree = "<group>"; };
		A77B672D19141D8600362BEA /* ConnectionModel.m */ = {isa = PBXFileReference; fileEncoding = 4; lastKnownFileType = sourcecode.c.objc; name = ConnectionModel.m; path = Model/ConnectionModel.m; sourceTree = "<group>"; };
		A77B673019143BAB00362BEA /* Constants.h */ = {isa = PBXFileReference; fileEncoding = 4; lastKnownFileType = sourcecode.c.h; name = Constants.h; path = Utilities/Constants.h; sourceTree = "<group>"; };
		A77B673119143BAB00362BEA /* Constants.m */ = {isa = PBXFileReference; fileEncoding = 4; lastKnownFileType = sourcecode.c.objc; name = Constants.m; path = Utilities/Constants.m; sourceTree = "<group>"; };
		A77B6733191468D500362BEA /* ScheduleManagerModel.h */ = {isa = PBXFileReference; fileEncoding = 4; lastKnownFileType = sourcecode.c.h; name = ScheduleManagerModel.h; path = Model/ScheduleManagerModel.h; sourceTree = "<group>"; };
		A77B6734191468D500362BEA /* ScheduleManagerModel.m */ = {isa = PBXFileReference; fileEncoding = 4; lastKnownFileType = sourcecode.c.objc; name = ScheduleManagerModel.m; path = Model/ScheduleManagerModel.m; sourceTree = "<group>"; };
		A77B673619146CDC00362BEA /* CoreData.framework */ = {isa = PBXFileReference; lastKnownFileType = wrapper.framework; name = CoreData.framework; path = System/Library/Frameworks/CoreData.framework; sourceTree = SDKROOT; };
		A77B673919148D1800362BEA /* DataModel.xcdatamodel */ = {isa = PBXFileReference; lastKnownFileType = wrapper.xcdatamodel; path = DataModel.xcdatamodel; sourceTree = "<group>"; };
		A7F42EDE19156AE4003E5908 /* BaseViewController.h */ = {isa = PBXFileReference; fileEncoding = 4; lastKnownFileType = sourcecode.c.h; name = BaseViewController.h; path = Controller/BaseViewController.h; sourceTree = "<group>"; };
		A7F42EDF19156AE4003E5908 /* BaseViewController.m */ = {isa = PBXFileReference; fileEncoding = 4; lastKnownFileType = sourcecode.c.objc; name = BaseViewController.m; path = Controller/BaseViewController.m; sourceTree = "<group>"; };
		B502BD9DF1914A309E934FDB /* libPods.a */ = {isa = PBXFileReference; explicitFileType = archive.ar; includeInIndex = 0; path = libPods.a; sourceTree = BUILT_PRODUCTS_DIR; };
/* End PBXFileReference section */

/* Begin PBXFrameworksBuildPhase section */
		A77B66EE19132F8C00362BEA /* Frameworks */ = {
			isa = PBXFrameworksBuildPhase;
			buildActionMask = 2147483647;
			files = (
				A7678CE219159E8100A2D150 /* EventKit.framework in Frameworks */,
				A77B673719146CDC00362BEA /* CoreData.framework in Frameworks */,
				A77B66F719132F8C00362BEA /* CoreGraphics.framework in Frameworks */,
				A77B66F919132F8C00362BEA /* UIKit.framework in Frameworks */,
				A77B66F519132F8C00362BEA /* Foundation.framework in Frameworks */,
				9FAA93229AA54C03B1B56245 /* libPods.a in Frameworks */,
			);
			runOnlyForDeploymentPostprocessing = 0;
		};
		A77B670919132F8C00362BEA /* Frameworks */ = {
			isa = PBXFrameworksBuildPhase;
			buildActionMask = 2147483647;
			files = (
				A77B670E19132F8C00362BEA /* XCTest.framework in Frameworks */,
				A77B671019132F8C00362BEA /* UIKit.framework in Frameworks */,
				A77B670F19132F8C00362BEA /* Foundation.framework in Frameworks */,
			);
			runOnlyForDeploymentPostprocessing = 0;
		};
/* End PBXFrameworksBuildPhase section */

/* Begin PBXGroup section */
		A77B66E819132F8C00362BEA = {
			isa = PBXGroup;
			children = (
				A77B66FA19132F8C00362BEA /* ScheduleSharer */,
				A77B671319132F8C00362BEA /* ScheduleSharerTests */,
				A77B66F319132F8C00362BEA /* Frameworks */,
				A77B66F219132F8C00362BEA /* Products */,
				014475127F004C389F0EF9C1 /* Pods.xcconfig */,
			);
			sourceTree = "<group>";
		};
		A77B66F219132F8C00362BEA /* Products */ = {
			isa = PBXGroup;
			children = (
				A77B66F119132F8C00362BEA /* ScheduleSharer.app */,
				A77B670C19132F8C00362BEA /* ScheduleSharerTests.xctest */,
			);
			name = Products;
			sourceTree = "<group>";
		};
		A77B66F319132F8C00362BEA /* Frameworks */ = {
			isa = PBXGroup;
			children = (
				A7678CE119159E8100A2D150 /* EventKit.framework */,
				A77B673619146CDC00362BEA /* CoreData.framework */,
				A77B66F419132F8C00362BEA /* Foundation.framework */,
				A77B66F619132F8C00362BEA /* CoreGraphics.framework */,
				A77B66F819132F8C00362BEA /* UIKit.framework */,
				A77B670D19132F8C00362BEA /* XCTest.framework */,
				B502BD9DF1914A309E934FDB /* libPods.a */,
			);
			name = Frameworks;
			sourceTree = "<group>";
		};
		A77B66FA19132F8C00362BEA /* ScheduleSharer */ = {
			isa = PBXGroup;
			children = (
				A77B672F19143B8D00362BEA /* Utilities */,
				A77B672619141A9800362BEA /* Images */,
				A77B672519141A9300362BEA /* Controllers */,
				A77B672419141A8000362BEA /* Views */,
				A77B672319141A7A00362BEA /* Models */,
				A77B670319132F8C00362BEA /* AppDelegate.h */,
				A77B670419132F8C00362BEA /* AppDelegate.m */,
				A77B670619132F8C00362BEA /* Images.xcassets */,
				A77B66FB19132F8C00362BEA /* Supporting Files */,
			);
			path = ScheduleSharer;
			sourceTree = "<group>";
		};
		A77B66FB19132F8C00362BEA /* Supporting Files */ = {
			isa = PBXGroup;
			children = (
				A77B66FC19132F8C00362BEA /* ScheduleSharer-Info.plist */,
				A77B66FD19132F8C00362BEA /* InfoPlist.strings */,
				A77B670019132F8C00362BEA /* main.m */,
				A77B670219132F8C00362BEA /* ScheduleSharer-Prefix.pch */,
			);
			name = "Supporting Files";
			sourceTree = "<group>";
		};
		A77B671319132F8C00362BEA /* ScheduleSharerTests */ = {
			isa = PBXGroup;
			children = (
				A77B671919132F8C00362BEA /* ScheduleSharerTests.m */,
				A77B671419132F8C00362BEA /* Supporting Files */,
			);
			path = ScheduleSharerTests;
			sourceTree = "<group>";
		};
		A77B671419132F8C00362BEA /* Supporting Files */ = {
			isa = PBXGroup;
			children = (
				A77B671519132F8C00362BEA /* ScheduleSharerTests-Info.plist */,
				A77B671619132F8C00362BEA /* InfoPlist.strings */,
			);
			name = "Supporting Files";
			sourceTree = "<group>";
		};
		A77B672319141A7A00362BEA /* Models */ = {
			isa = PBXGroup;
			children = (
				A7F42ED71914BF89003E5908 /* DataBase */,
				A77B672C19141D8600362BEA /* ConnectionModel.h */,
				A77B672D19141D8600362BEA /* ConnectionModel.m */,
				A77B6733191468D500362BEA /* ScheduleManagerModel.h */,
				A77B6734191468D500362BEA /* ScheduleManagerModel.m */,
				A7678CE319159F1600A2D150 /* CalendarManagerModel.h */,
				A7678CE419159F1600A2D150 /* CalendarManagerModel.m */,
			);
			name = Models;
			sourceTree = "<group>";
		};
		A77B672419141A8000362BEA /* Views */ = {
			isa = PBXGroup;
			children = (
				A77B672A19141B3E00362BEA /* AddScheduleView.xib */,
			);
			name = Views;
			sourceTree = "<group>";
		};
		A77B672519141A9300362BEA /* Controllers */ = {
			isa = PBXGroup;
			children = (
				A77B672719141B0400362BEA /* AddScheduleViewController.h */,
				A77B672819141B0400362BEA /* AddScheduleViewController.m */,
				A7F42EDE19156AE4003E5908 /* BaseViewController.h */,
				A7F42EDF19156AE4003E5908 /* BaseViewController.m */,
			);
			name = Controllers;
			sourceTree = "<group>";
		};
		A77B672619141A9800362BEA /* Images */ = {
			isa = PBXGroup;
			children = (
			);
			name = Images;
			sourceTree = "<group>";
		};
		A77B672F19143B8D00362BEA /* Utilities */ = {
			isa = PBXGroup;
			children = (
				A77B673019143BAB00362BEA /* Constants.h */,
				A77B673119143BAB00362BEA /* Constants.m */,
			);
			name = Utilities;
			sourceTree = "<group>";
		};
		A7F42ED71914BF89003E5908 /* DataBase */ = {
			isa = PBXGroup;
			children = (
				A77B673819148D1800362BEA /* DataModel.xcdatamodeld */,
				A7678CF819185D9200A2D150 /* Schedules.h */,
				A7678CF919185D9200A2D150 /* Schedules.m */,
				A7678CF51918585700A2D150 /* Schedules+Management.h */,
				A7678CF61918585700A2D150 /* Schedules+Management.m */,
				A7678CE61915E89700A2D150 /* Events+Management.h */,
				A7678CE71915E89700A2D150 /* Events+Management.m */,
				A7678CF2191850D900A2D150 /* Events.h */,
				A7678CF3191850D900A2D150 /* Events.m */,
			);
			name = DataBase;
			sourceTree = "<group>";
		};
/* End PBXGroup section */

/* Begin PBXNativeTarget section */
		A77B66F019132F8C00362BEA /* ScheduleSharer */ = {
			isa = PBXNativeTarget;
			buildConfigurationList = A77B671D19132F8C00362BEA /* Build configuration list for PBXNativeTarget "ScheduleSharer" */;
			buildPhases = (
				1732C3D3964949D0B1488785 /* Check Pods Manifest.lock */,
				A77B66ED19132F8C00362BEA /* Sources */,
				A77B66EE19132F8C00362BEA /* Frameworks */,
				A77B66EF19132F8C00362BEA /* Resources */,
				B92722BDB2A1477B88B7FF0C /* Copy Pods Resources */,
			);
			buildRules = (
			);
			dependencies = (
			);
			name = ScheduleSharer;
			productName = ScheduleSharer;
			productReference = A77B66F119132F8C00362BEA /* ScheduleSharer.app */;
			productType = "com.apple.product-type.application";
		};
		A77B670B19132F8C00362BEA /* ScheduleSharerTests */ = {
			isa = PBXNativeTarget;
			buildConfigurationList = A77B672019132F8C00362BEA /* Build configuration list for PBXNativeTarget "ScheduleSharerTests" */;
			buildPhases = (
				A77B670819132F8C00362BEA /* Sources */,
				A77B670919132F8C00362BEA /* Frameworks */,
				A77B670A19132F8C00362BEA /* Resources */,
			);
			buildRules = (
			);
			dependencies = (
				A77B671219132F8C00362BEA /* PBXTargetDependency */,
			);
			name = ScheduleSharerTests;
			productName = ScheduleSharerTests;
			productReference = A77B670C19132F8C00362BEA /* ScheduleSharerTests.xctest */;
			productType = "com.apple.product-type.bundle.unit-test";
		};
/* End PBXNativeTarget section */

/* Begin PBXProject section */
		A77B66E919132F8C00362BEA /* Project object */ = {
			isa = PBXProject;
			attributes = {
				LastUpgradeCheck = 0510;
				ORGANIZATIONNAME = "Collin Yen";
				TargetAttributes = {
					A77B66F019132F8C00362BEA = {
						DevelopmentTeam = QW4YTV2H2T;
					};
					A77B670B19132F8C00362BEA = {
						TestTargetID = A77B66F019132F8C00362BEA;
					};
				};
			};
			buildConfigurationList = A77B66EC19132F8C00362BEA /* Build configuration list for PBXProject "ScheduleSharer" */;
			compatibilityVersion = "Xcode 3.2";
			developmentRegion = English;
			hasScannedForEncodings = 0;
			knownRegions = (
				en,
			);
			mainGroup = A77B66E819132F8C00362BEA;
			productRefGroup = A77B66F219132F8C00362BEA /* Products */;
			projectDirPath = "";
			projectRoot = "";
			targets = (
				A77B66F019132F8C00362BEA /* ScheduleSharer */,
				A77B670B19132F8C00362BEA /* ScheduleSharerTests */,
			);
		};
/* End PBXProject section */

/* Begin PBXResourcesBuildPhase section */
		A77B66EF19132F8C00362BEA /* Resources */ = {
			isa = PBXResourcesBuildPhase;
			buildActionMask = 2147483647;
			files = (
				A77B66FF19132F8C00362BEA /* InfoPlist.strings in Resources */,
				A77B670719132F8C00362BEA /* Images.xcassets in Resources */,
				A77B672B19141B3E00362BEA /* AddScheduleView.xib in Resources */,
			);
			runOnlyForDeploymentPostprocessing = 0;
		};
		A77B670A19132F8C00362BEA /* Resources */ = {
			isa = PBXResourcesBuildPhase;
			buildActionMask = 2147483647;
			files = (
				A77B671819132F8C00362BEA /* InfoPlist.strings in Resources */,
			);
			runOnlyForDeploymentPostprocessing = 0;
		};
/* End PBXResourcesBuildPhase section */

/* Begin PBXShellScriptBuildPhase section */
		1732C3D3964949D0B1488785 /* Check Pods Manifest.lock */ = {
			isa = PBXShellScriptBuildPhase;
			buildActionMask = 2147483647;
			files = (
			);
			inputPaths = (
			);
			name = "Check Pods Manifest.lock";
			outputPaths = (
			);
			runOnlyForDeploymentPostprocessing = 0;
			shellPath = /bin/sh;
			shellScript = "diff \"${PODS_ROOT}/../Podfile.lock\" \"${PODS_ROOT}/Manifest.lock\" > /dev/null\nif [[ $? != 0 ]] ; then\n    cat << EOM\nerror: The sandbox is not in sync with the Podfile.lock. Run 'pod install' or update your CocoaPods installation.\nEOM\n    exit 1\nfi\n";
			showEnvVarsInLog = 0;
		};
		B92722BDB2A1477B88B7FF0C /* Copy Pods Resources */ = {
			isa = PBXShellScriptBuildPhase;
			buildActionMask = 2147483647;
			files = (
			);
			inputPaths = (
			);
			name = "Copy Pods Resources";
			outputPaths = (
			);
			runOnlyForDeploymentPostprocessing = 0;
			shellPath = /bin/sh;
			shellScript = "\"${SRCROOT}/Pods/Pods-resources.sh\"\n";
			showEnvVarsInLog = 0;
		};
/* End PBXShellScriptBuildPhase section */

/* Begin PBXSourcesBuildPhase section */
		A77B66ED19132F8C00362BEA /* Sources */ = {
			isa = PBXSourcesBuildPhase;
			buildActionMask = 2147483647;
			files = (
				A7678CF4191850D900A2D150 /* Events.m in Sources */,
				A7F42EE019156AE4003E5908 /* BaseViewController.m in Sources */,
				A77B6735191468D500362BEA /* ScheduleManagerModel.m in Sources */,
				A7678CFA19185D9200A2D150 /* Schedules.m in Sources */,
				A77B673219143BAB00362BEA /* Constants.m in Sources */,
				A77B670519132F8C00362BEA /* AppDelegate.m in Sources */,
				A77B673A19148D1800362BEA /* DataModel.xcdatamodeld in Sources */,
				A77B672E19141D8600362BEA /* ConnectionModel.m in Sources */,
				A7678CE519159F1600A2D150 /* CalendarManagerModel.m in Sources */,
				A7678CF71918585700A2D150 /* Schedules+Management.m in Sources */,
				A77B670119132F8C00362BEA /* main.m in Sources */,
				A77B672919141B0400362BEA /* AddScheduleViewController.m in Sources */,
				A7678CE81915E89700A2D150 /* Events+Management.m in Sources */,
			);
			runOnlyForDeploymentPostprocessing = 0;
		};
		A77B670819132F8C00362BEA /* Sources */ = {
			isa = PBXSourcesBuildPhase;
			buildActionMask = 2147483647;
			files = (
				A77B671A19132F8C00362BEA /* ScheduleSharerTests.m in Sources */,
			);
			runOnlyForDeploymentPostprocessing = 0;
		};
/* End PBXSourcesBuildPhase section */

/* Begin PBXTargetDependency section */
		A77B671219132F8C00362BEA /* PBXTargetDependency */ = {
			isa = PBXTargetDependency;
			target = A77B66F019132F8C00362BEA /* ScheduleSharer */;
			targetProxy = A77B671119132F8C00362BEA /* PBXContainerItemProxy */;
		};
/* End PBXTargetDependency section */

/* Begin PBXVariantGroup section */
		A77B66FD19132F8C00362BEA /* InfoPlist.strings */ = {
			isa = PBXVariantGroup;
			children = (
				A77B66FE19132F8C00362BEA /* en */,
			);
			name = InfoPlist.strings;
			sourceTree = "<group>";
		};
		A77B671619132F8C00362BEA /* InfoPlist.strings */ = {
			isa = PBXVariantGroup;
			children = (
				A77B671719132F8C00362BEA /* en */,
			);
			name = InfoPlist.strings;
			sourceTree = "<group>";
		};
/* End PBXVariantGroup section */

/* Begin XCBuildConfiguration section */
		A77B671B19132F8C00362BEA /* Debug */ = {
			isa = XCBuildConfiguration;
			buildSettings = {
				ALWAYS_SEARCH_USER_PATHS = NO;
				CLANG_CXX_LANGUAGE_STANDARD = "gnu++0x";
				CLANG_CXX_LIBRARY = "libc++";
				CLANG_ENABLE_MODULES = YES;
				CLANG_ENABLE_OBJC_ARC = YES;
				CLANG_WARN_BOOL_CONVERSION = YES;
				CLANG_WARN_CONSTANT_CONVERSION = YES;
				CLANG_WARN_DIRECT_OBJC_ISA_USAGE = YES_ERROR;
				CLANG_WARN_EMPTY_BODY = YES;
				CLANG_WARN_ENUM_CONVERSION = YES;
				CLANG_WARN_INT_CONVERSION = YES;
				CLANG_WARN_OBJC_ROOT_CLASS = YES_ERROR;
				CLANG_WARN__DUPLICATE_METHOD_MATCH = YES;
				"CODE_SIGN_IDENTITY[sdk=iphoneos*]" = "iPhone Developer";
				COPY_PHASE_STRIP = NO;
				GCC_C_LANGUAGE_STANDARD = gnu99;
				GCC_DYNAMIC_NO_PIC = NO;
				GCC_OPTIMIZATION_LEVEL = 0;
				GCC_PREPROCESSOR_DEFINITIONS = (
					"DEBUG=1",
					"$(inherited)",
				);
				GCC_SYMBOLS_PRIVATE_EXTERN = NO;
				GCC_WARN_64_TO_32_BIT_CONVERSION = YES;
				GCC_WARN_ABOUT_RETURN_TYPE = YES_ERROR;
				GCC_WARN_UNDECLARED_SELECTOR = YES;
				GCC_WARN_UNINITIALIZED_AUTOS = YES_AGGRESSIVE;
				GCC_WARN_UNUSED_FUNCTION = YES;
				GCC_WARN_UNUSED_VARIABLE = YES;
				IPHONEOS_DEPLOYMENT_TARGET = 7.1;
				ONLY_ACTIVE_ARCH = YES;
				SDKROOT = iphoneos;
			};
			name = Debug;
		};
		A77B671C19132F8C00362BEA /* Release */ = {
			isa = XCBuildConfiguration;
			buildSettings = {
				ALWAYS_SEARCH_USER_PATHS = NO;
				CLANG_CXX_LANGUAGE_STANDARD = "gnu++0x";
				CLANG_CXX_LIBRARY = "libc++";
				CLANG_ENABLE_MODULES = YES;
				CLANG_ENABLE_OBJC_ARC = YES;
				CLANG_WARN_BOOL_CONVERSION = YES;
				CLANG_WARN_CONSTANT_CONVERSION = YES;
				CLANG_WARN_DIRECT_OBJC_ISA_USAGE = YES_ERROR;
				CLANG_WARN_EMPTY_BODY = YES;
				CLANG_WARN_ENUM_CONVERSION = YES;
				CLANG_WARN_INT_CONVERSION = YES;
				CLANG_WARN_OBJC_ROOT_CLASS = YES_ERROR;
				CLANG_WARN__DUPLICATE_METHOD_MATCH = YES;
				"CODE_SIGN_IDENTITY[sdk=iphoneos*]" = "iPhone Developer";
				COPY_PHASE_STRIP = YES;
				ENABLE_NS_ASSERTIONS = NO;
				GCC_C_LANGUAGE_STANDARD = gnu99;
				GCC_WARN_64_TO_32_BIT_CONVERSION = YES;
				GCC_WARN_ABOUT_RETURN_TYPE = YES_ERROR;
				GCC_WARN_UNDECLARED_SELECTOR = YES;
				GCC_WARN_UNINITIALIZED_AUTOS = YES_AGGRESSIVE;
				GCC_WARN_UNUSED_FUNCTION = YES;
				GCC_WARN_UNUSED_VARIABLE = YES;
				IPHONEOS_DEPLOYMENT_TARGET = 7.1;
				SDKROOT = iphoneos;
				VALIDATE_PRODUCT = YES;
			};
			name = Release;
		};
		A77B671E19132F8C00362BEA /* Debug */ = {
			isa = XCBuildConfiguration;
			baseConfigurationReference = 014475127F004C389F0EF9C1 /* Pods.xcconfig */;
			buildSettings = {
				ASSETCATALOG_COMPILER_APPICON_NAME = AppIcon;
				ASSETCATALOG_COMPILER_LAUNCHIMAGE_NAME = LaunchImage;
				CODE_SIGN_IDENTITY = "iPhone Developer";
				GCC_PRECOMPILE_PREFIX_HEADER = YES;
				GCC_PREFIX_HEADER = "ScheduleSharer/ScheduleSharer-Prefix.pch";
				INFOPLIST_FILE = "ScheduleSharer/ScheduleSharer-Info.plist";
				IPHONEOS_DEPLOYMENT_TARGET = 7.0;
				PRODUCT_NAME = "$(TARGET_NAME)";
				WRAPPER_EXTENSION = app;
			};
			name = Debug;
		};
		A77B671F19132F8C00362BEA /* Release */ = {
			isa = XCBuildConfiguration;
			baseConfigurationReference = 014475127F004C389F0EF9C1 /* Pods.xcconfig */;
			buildSettings = {
				ASSETCATALOG_COMPILER_APPICON_NAME = AppIcon;
				ASSETCATALOG_COMPILER_LAUNCHIMAGE_NAME = LaunchImage;
				CODE_SIGN_IDENTITY = "iPhone Developer";
				GCC_PRECOMPILE_PREFIX_HEADER = YES;
				GCC_PREFIX_HEADER = "ScheduleSharer/ScheduleSharer-Prefix.pch";
				INFOPLIST_FILE = "ScheduleSharer/ScheduleSharer-Info.plist";
				IPHONEOS_DEPLOYMENT_TARGET = 7.0;
				PRODUCT_NAME = "$(TARGET_NAME)";
				WRAPPER_EXTENSION = app;
			};
			name = Release;
		};
		A77B672119132F8C00362BEA /* Debug */ = {
			isa = XCBuildConfiguration;
			buildSettings = {
				BUNDLE_LOADER = "$(BUILT_PRODUCTS_DIR)/ScheduleSharer.app/ScheduleSharer";
				FRAMEWORK_SEARCH_PATHS = (
					"$(SDKROOT)/Developer/Library/Frameworks",
					"$(inherited)",
					"$(DEVELOPER_FRAMEWORKS_DIR)",
				);
				GCC_PRECOMPILE_PREFIX_HEADER = YES;
				GCC_PREFIX_HEADER = "ScheduleSharer/ScheduleSharer-Prefix.pch";
				GCC_PREPROCESSOR_DEFINITIONS = (
					"DEBUG=1",
					"$(inherited)",
				);
				INFOPLIST_FILE = "ScheduleSharerTests/ScheduleSharerTests-Info.plist";
				PRODUCT_NAME = "$(TARGET_NAME)";
				TEST_HOST = "$(BUNDLE_LOADER)";
				WRAPPER_EXTENSION = xctest;
			};
			name = Debug;
		};
		A77B672219132F8C00362BEA /* Release */ = {
			isa = XCBuildConfiguration;
			buildSettings = {
				BUNDLE_LOADER = "$(BUILT_PRODUCTS_DIR)/ScheduleSharer.app/ScheduleSharer";
				FRAMEWORK_SEARCH_PATHS = (
					"$(SDKROOT)/Developer/Library/Frameworks",
					"$(inherited)",
					"$(DEVELOPER_FRAMEWORKS_DIR)",
				);
				GCC_PRECOMPILE_PREFIX_HEADER = YES;
				GCC_PREFIX_HEADER = "ScheduleSharer/ScheduleSharer-Prefix.pch";
				INFOPLIST_FILE = "ScheduleSharerTests/ScheduleSharerTests-Info.plist";
				PRODUCT_NAME = "$(TARGET_NAME)";
				TEST_HOST = "$(BUNDLE_LOADER)";
				WRAPPER_EXTENSION = xctest;
			};
			name = Release;
		};
/* End XCBuildConfiguration section */

/* Begin XCConfigurationList section */
		A77B66EC19132F8C00362BEA /* Build configuration list for PBXProject "ScheduleSharer" */ = {
			isa = XCConfigurationList;
			buildConfigurations = (
				A77B671B19132F8C00362BEA /* Debug */,
				A77B671C19132F8C00362BEA /* Release */,
			);
			defaultConfigurationIsVisible = 0;
			defaultConfigurationName = Release;
		};
		A77B671D19132F8C00362BEA /* Build configuration list for PBXNativeTarget "ScheduleSharer" */ = {
			isa = XCConfigurationList;
			buildConfigurations = (
				A77B671E19132F8C00362BEA /* Debug */,
				A77B671F19132F8C00362BEA /* Release */,
			);
			defaultConfigurationIsVisible = 0;
			defaultConfigurationName = Release;
		};
		A77B672019132F8C00362BEA /* Build configuration list for PBXNativeTarget "ScheduleSharerTests" */ = {
			isa = XCConfigurationList;
			buildConfigurations = (
				A77B672119132F8C00362BEA /* Debug */,
				A77B672219132F8C00362BEA /* Release */,
			);
			defaultConfigurationIsVisible = 0;
			defaultConfigurationName = Release;
		};
/* End XCConfigurationList section */

/* Begin XCVersionGroup section */
		A77B673819148D1800362BEA /* DataModel.xcdatamodeld */ = {
			isa = XCVersionGroup;
			children = (
				A77B673919148D1800362BEA /* DataModel.xcdatamodel */,
			);
			currentVersion = A77B673919148D1800362BEA /* DataModel.xcdatamodel */;
			name = DataModel.xcdatamodeld;
			path = Model/DataModel.xcdatamodeld;
			sourceTree = "<group>";
			versionGroupType = wrapper.xcdatamodel;
		};
/* End XCVersionGroup section */
	};
	rootObject = A77B66E919132F8C00362BEA /* Project object */;
}
